dependencies:
- name: fmtok8s-frontend
  repository: https://salaboy.github.io/helm/
  version: v0.1.1
- name: fmtok8s-agenda-service
  repository: https://salaboy.github.io/helm/
  version: v0.1.0
- name: fmtok8s-c4p-service
  repository: https://salaboy.github.io/helm/
  version: v0.1.0
- name: fmtok8s-email-service
  repository: https://salaboy.github.io/helm/
  version: v0.1.0
- name: kube-prometheus
  repository: https://charts.bitnami.com/bitnami
  version: 8.0.8
- name: grafana-operator
  repository: https://charts.bitnami.com/bitnami
  version: 2.6.4
digest: sha256:45fbaf1508cecd4cd112821d9f8cf9a6af3eca424358dce2558f64bb829df709
generated: "2022-07-05T20:50:54.170081884-03:00"
